{
  "version": 4,
  "terraform_version": "1.11.3",
  "serial": 1,
  "lineage": "1f51d497-548c-d755-71c0-19eac7f358fa",
  "outputs": {},
  "resources": [
    {
      "mode": "managed",
      "type": "aws_security_group",
      "name": "terraform-firewall",
      "provider": "provider[\"registry.terraform.io/hashicorp/aws\"]",
      "instances": [
        {
          "schema_version": 1,
          "attributes": {
            "arn": "arn:aws:ec2:us-east-1:183295411943:security-group/sg-040eff7f854a4e5cf",
            "description": "Allow SSH and HTTP traffic",
            "egress": [],
            "id": "sg-040eff7f854a4e5cf",
            "ingress": [],
            "name": "terraform-firewall",
            "name_prefix": "",
            "owner_id": "183295411943",
            "revoke_rules_on_delete": false,
            "tags": {
              "Environment": "Learning Terraform",
              "Name": "terraform-firewall"
            },
            "tags_all": {
              "Environment": "Learning Terraform",
              "Name": "terraform-firewall"
            },
            "timeouts": null,
            "vpc_id": "vpc-04658d0b7493013f0"
          },
          "sensitive_attributes": [],
          "private": "eyJlMmJmYjczMC1lY2FhLTExZTYtOGY4OC0zNDM2M2JjN2M0YzAiOnsiY3JlYXRlIjo2MDAwMDAwMDAwMDAsImRlbGV0ZSI6OTAwMDAwMDAwMDAwfSwic2NoZW1hX3ZlcnNpb24iOiIxIn0="
        }
      ]
    }
  ],
  "check_results": null
}
